// !$*UTF8*$!
{
	archiveVersion = 1;
	classes = {
	};
	objectVersion = 56;
	objects = {

/* Begin PBXBuildFile section */
		8429BA402C8C80D70021AB22 /* GameNewsApp.swift in Sources */ = {isa = PBXBuildFile; fileRef = 8429BA3F2C8C80D70021AB22 /* GameNewsApp.swift */; };
		8429BA422C8C80D70021AB22 /* HomeView.swift in Sources */ = {isa = PBXBuildFile; fileRef = 8429BA412C8C80D70021AB22 /* HomeView.swift */; };
		8429BA442C8C80D90021AB22 /* Assets.xcassets in Resources */ = {isa = PBXBuildFile; fileRef = 8429BA432C8C80D90021AB22 /* Assets.xcassets */; };
		8429BA482C8C80D90021AB22 /* Preview Assets.xcassets in Resources */ = {isa = PBXBuildFile; fileRef = 8429BA472C8C80D90021AB22 /* Preview Assets.xcassets */; };
		8429BA552C8C82130021AB22 /* ArticleModel.swift in Sources */ = {isa = PBXBuildFile; fileRef = 8429BA542C8C82130021AB22 /* ArticleModel.swift */; };
		8429BA572C8C82960021AB22 /* ArticleDataService.swift in Sources */ = {isa = PBXBuildFile; fileRef = 8429BA562C8C82960021AB22 /* ArticleDataService.swift */; };
		8429BA592C8C87540021AB22 /* ArticleResults.swift in Sources */ = {isa = PBXBuildFile; fileRef = 8429BA582C8C87540021AB22 /* ArticleResults.swift */; };
		8429BA5B2C8C8A610021AB22 /* ArticleFeedView.swift in Sources */ = {isa = PBXBuildFile; fileRef = 8429BA5A2C8C8A610021AB22 /* ArticleFeedView.swift */; };
		8429BA5D2C8C8A750021AB22 /* ArticleRowView.swift in Sources */ = {isa = PBXBuildFile; fileRef = 8429BA5C2C8C8A750021AB22 /* ArticleRowView.swift */; };
		8450455D2C91CE7A004443FD /* ArticleViewModel.swift in Sources */ = {isa = PBXBuildFile; fileRef = 8450455C2C91CE7A004443FD /* ArticleViewModel.swift */; };
		84E2648A2C8CEF030056D5A2 /* CachedAsyncImage in Frameworks */ = {isa = PBXBuildFile; productRef = 84E264892C8CEF030056D5A2 /* CachedAsyncImage */; };
		84E2648C2C8CF9400056D5A2 /* ArticleDetailView.swift in Sources */ = {isa = PBXBuildFile; fileRef = 84E2648B2C8CF9400056D5A2 /* ArticleDetailView.swift */; };
/* End PBXBuildFile section */

/* Begin PBXFileReference section */
		8429BA3C2C8C80D70021AB22 /* GameNews.app */ = {isa = PBXFileReference; explicitFileType = wrapper.application; includeInIndex = 0; path = GameNews.app; sourceTree = BUILT_PRODUCTS_DIR; };
		8429BA3F2C8C80D70021AB22 /* GameNewsApp.swift */ = {isa = PBXFileReference; lastKnownFileType = sourcecode.swift; path = GameNewsApp.swift; sourceTree = "<group>"; };
		8429BA412C8C80D70021AB22 /* HomeView.swift */ = {isa = PBXFileReference; lastKnownFileType = sourcecode.swift; path = HomeView.swift; sourceTree = "<group>"; };
		8429BA432C8C80D90021AB22 /* Assets.xcassets */ = {isa = PBXFileReference; lastKnownFileType = folder.assetcatalog; path = Assets.xcassets; sourceTree = "<group>"; };
		8429BA452C8C80D90021AB22 /* GameNews.entitlements */ = {isa = PBXFileReference; lastKnownFileType = text.plist.entitlements; path = GameNews.entitlements; sourceTree = "<group>"; };
		8429BA472C8C80D90021AB22 /* Preview Assets.xcassets */ = {isa = PBXFileReference; lastKnownFileType = folder.assetcatalog; path = "Preview Assets.xcassets"; sourceTree = "<group>"; };
		8429BA4E2C8C80F00021AB22 /* Config.xcconfig */ = {isa = PBXFileReference; lastKnownFileType = text.xcconfig; path = Config.xcconfig; sourceTree = "<group>"; };
		8429BA532C8C81DB0021AB22 /* Info.plist */ = {isa = PBXFileReference; lastKnownFileType = text.plist; path = Info.plist; sourceTree = "<group>"; };
		8429BA542C8C82130021AB22 /* ArticleModel.swift */ = {isa = PBXFileReference; lastKnownFileType = sourcecode.swift; path = ArticleModel.swift; sourceTree = "<group>"; };
		8429BA562C8C82960021AB22 /* ArticleDataService.swift */ = {isa = PBXFileReference; lastKnownFileType = sourcecode.swift; path = ArticleDataService.swift; sourceTree = "<group>"; };
		8429BA582C8C87540021AB22 /* ArticleResults.swift */ = {isa = PBXFileReference; lastKnownFileType = sourcecode.swift; path = ArticleResults.swift; sourceTree = "<group>"; };
		8429BA5A2C8C8A610021AB22 /* ArticleFeedView.swift */ = {isa = PBXFileReference; lastKnownFileType = sourcecode.swift; path = ArticleFeedView.swift; sourceTree = "<group>"; };
		8429BA5C2C8C8A750021AB22 /* ArticleRowView.swift */ = {isa = PBXFileReference; lastKnownFileType = sourcecode.swift; path = ArticleRowView.swift; sourceTree = "<group>"; };
		8450455C2C91CE7A004443FD /* ArticleViewModel.swift */ = {isa = PBXFileReference; lastKnownFileType = sourcecode.swift; path = ArticleViewModel.swift; sourceTree = "<group>"; };
		84E2648B2C8CF9400056D5A2 /* ArticleDetailView.swift */ = {isa = PBXFileReference; lastKnownFileType = sourcecode.swift; path = ArticleDetailView.swift; sourceTree = "<group>"; };
/* End PBXFileReference section */

/* Begin PBXFrameworksBuildPhase section */
		8429BA392C8C80D70021AB22 /* Frameworks */ = {
			isa = PBXFrameworksBuildPhase;
			buildActionMask = 2147483647;
			files = (
				84E2648A2C8CEF030056D5A2 /* CachedAsyncImage in Frameworks */,
			);
			runOnlyForDeploymentPostprocessing = 0;
		};
/* End PBXFrameworksBuildPhase section */

/* Begin PBXGroup section */
		8429BA332C8C80D70021AB22 = {
			isa = PBXGroup;
			children = (
				8429BA3E2C8C80D70021AB22 /* GameNews */,
				8429BA3D2C8C80D70021AB22 /* Products */,
			);
			sourceTree = "<group>";
		};
		8429BA3D2C8C80D70021AB22 /* Products */ = {
			isa = PBXGroup;
			children = (
				8429BA3C2C8C80D70021AB22 /* GameNews.app */,
			);
			name = Products;
			sourceTree = "<group>";
		};
		8429BA3E2C8C80D70021AB22 /* GameNews */ = {
			isa = PBXGroup;
			children = (
				8429BA532C8C81DB0021AB22 /* Info.plist */,
				8429BA522C8C815F0021AB22 /* App */,
				8429BA502C8C81470021AB22 /* Services */,
				8429BA4F2C8C81420021AB22 /* Model */,
				8450455B2C91CE5D004443FD /* ViewModel */,
				8429BA512C8C814F0021AB22 /* Views */,
				8429BA432C8C80D90021AB22 /* Assets.xcassets */,
				8429BA452C8C80D90021AB22 /* GameNews.entitlements */,
				8429BA4E2C8C80F00021AB22 /* Config.xcconfig */,
				8429BA462C8C80D90021AB22 /* Preview Content */,
			);
			path = GameNews;
			sourceTree = "<group>";
		};
		8429BA462C8C80D90021AB22 /* Preview Content */ = {
			isa = PBXGroup;
			children = (
				8429BA472C8C80D90021AB22 /* Preview Assets.xcassets */,
			);
			path = "Preview Content";
			sourceTree = "<group>";
		};
		8429BA4F2C8C81420021AB22 /* Model */ = {
			isa = PBXGroup;
			children = (
				8429BA542C8C82130021AB22 /* ArticleModel.swift */,
				8429BA582C8C87540021AB22 /* ArticleResults.swift */,
			);
			path = Model;
			sourceTree = "<group>";
		};
		8429BA502C8C81470021AB22 /* Services */ = {
			isa = PBXGroup;
			children = (
				8429BA562C8C82960021AB22 /* ArticleDataService.swift */,
			);
			path = Services;
			sourceTree = "<group>";
		};
		8429BA512C8C814F0021AB22 /* Views */ = {
			isa = PBXGroup;
			children = (
				8429BA412C8C80D70021AB22 /* HomeView.swift */,
				8429BA5A2C8C8A610021AB22 /* ArticleFeedView.swift */,
				8429BA5C2C8C8A750021AB22 /* ArticleRowView.swift */,
				84E2648B2C8CF9400056D5A2 /* ArticleDetailView.swift */,
			);
			path = Views;
			sourceTree = "<group>";
		};
		8429BA522C8C815F0021AB22 /* App */ = {
			isa = PBXGroup;
			children = (
				8429BA3F2C8C80D70021AB22 /* GameNewsApp.swift */,
			);
			path = App;
			sourceTree = "<group>";
		};
		8450455B2C91CE5D004443FD /* ViewModel */ = {
			isa = PBXGroup;
			children = (
				8450455C2C91CE7A004443FD /* ArticleViewModel.swift */,
			);
			path = ViewModel;
			sourceTree = "<group>";
		};
/* End PBXGroup section */

/* Begin PBXNativeTarget section */
		8429BA3B2C8C80D70021AB22 /* GameNews */ = {
			isa = PBXNativeTarget;
			buildConfigurationList = 8429BA4B2C8C80D90021AB22 /* Build configuration list for PBXNativeTarget "GameNews" */;
			buildPhases = (
				8429BA382C8C80D70021AB22 /* Sources */,
				8429BA392C8C80D70021AB22 /* Frameworks */,
				8429BA3A2C8C80D70021AB22 /* Resources */,
			);
			buildRules = (
			);
			dependencies = (
			);
			name = GameNews;
			packageProductDependencies = (
				84E264892C8CEF030056D5A2 /* CachedAsyncImage */,
			);
			productName = GameNews;
			productReference = 8429BA3C2C8C80D70021AB22 /* GameNews.app */;
			productType = "com.apple.product-type.application";
		};
/* End PBXNativeTarget section */

/* Begin PBXProject section */
		8429BA342C8C80D70021AB22 /* Project object */ = {
			isa = PBXProject;
			attributes = {
				BuildIndependentTargetsInParallel = 1;
				LastSwiftUpdateCheck = 1540;
				LastUpgradeCheck = 1540;
				TargetAttributes = {
					8429BA3B2C8C80D70021AB22 = {
						CreatedOnToolsVersion = 15.4;
					};
				};
			};
			buildConfigurationList = 8429BA372C8C80D70021AB22 /* Build configuration list for PBXProject "GameNews" */;
			compatibilityVersion = "Xcode 14.0";
			developmentRegion = en;
			hasScannedForEncodings = 0;
			knownRegions = (
				en,
				Base,
			);
			mainGroup = 8429BA332C8C80D70021AB22;
			packageReferences = (
				84E264882C8CEF030056D5A2 /* XCRemoteSwiftPackageReference "swiftui-cached-async-image" */,
			);
			productRefGroup = 8429BA3D2C8C80D70021AB22 /* Products */;
			projectDirPath = "";
			projectRoot = "";
			targets = (
				8429BA3B2C8C80D70021AB22 /* GameNews */,
			);
		};
/* End PBXProject section */

/* Begin PBXResourcesBuildPhase section */
		8429BA3A2C8C80D70021AB22 /* Resources */ = {
			isa = PBXResourcesBuildPhase;
			buildActionMask = 2147483647;
			files = (
				8429BA482C8C80D90021AB22 /* Preview Assets.xcassets in Resources */,
				8429BA442C8C80D90021AB22 /* Assets.xcassets in Resources */,
			);
			runOnlyForDeploymentPostprocessing = 0;
		};
/* End PBXResourcesBuildPhase section */

/* Begin PBXSourcesBuildPhase section */
		8429BA382C8C80D70021AB22 /* Sources */ = {
			isa = PBXSourcesBuildPhase;
			buildActionMask = 2147483647;
			files = (
				8429BA422C8C80D70021AB22 /* HomeView.swift in Sources */,
				8429BA5D2C8C8A750021AB22 /* ArticleRowView.swift in Sources */,
				8429BA592C8C87540021AB22 /* ArticleResults.swift in Sources */,
				8429BA552C8C82130021AB22 /* ArticleModel.swift in Sources */,
				84E2648C2C8CF9400056D5A2 /* ArticleDetailView.swift in Sources */,
				8429BA5B2C8C8A610021AB22 /* ArticleFeedView.swift in Sources */,
				8450455D2C91CE7A004443FD /* ArticleViewModel.swift in Sources */,
				8429BA572C8C82960021AB22 /* ArticleDataService.swift in Sources */,
				8429BA402C8C80D70021AB22 /* GameNewsApp.swift in Sources */,
			);
			runOnlyForDeploymentPostprocessing = 0;
		};
/* End PBXSourcesBuildPhase section */

/* Begin XCBuildConfiguration section */
		8429BA492C8C80D90021AB22 /* Debug */ = {
			isa = XCBuildConfiguration;
			baseConfigurationReference = 8429BA4E2C8C80F00021AB22 /* Config.xcconfig */;
			buildSettings = {
				ALWAYS_SEARCH_USER_PATHS = NO;
				ASSETCATALOG_COMPILER_GENERATE_SWIFT_ASSET_SYMBOL_EXTENSIONS = YES;
				CLANG_ANALYZER_NONNULL = YES;
				CLANG_ANALYZER_NUMBER_OBJECT_CONVERSION = YES_AGGRESSIVE;
				CLANG_CXX_LANGUAGE_STANDARD = "gnu++20";
				CLANG_ENABLE_MODULES = YES;
				CLANG_ENABLE_OBJC_ARC = YES;
				CLANG_ENABLE_OBJC_WEAK = YES;
				CLANG_WARN_BLOCK_CAPTURE_AUTORELEASING = YES;
				CLANG_WARN_BOOL_CONVERSION = YES;
				CLANG_WARN_COMMA = YES;
				CLANG_WARN_CONSTANT_CONVERSION = YES;
				CLANG_WARN_DEPRECATED_OBJC_IMPLEMENTATIONS = YES;
				CLANG_WARN_DIRECT_OBJC_ISA_USAGE = YES_ERROR;
				CLANG_WARN_DOCUMENTATION_COMMENTS = YES;
				CLANG_WARN_EMPTY_BODY = YES;
				CLANG_WARN_ENUM_CONVERSION = YES;
				CLANG_WARN_INFINITE_RECURSION = YES;
				CLANG_WARN_INT_CONVERSION = YES;
				CLANG_WARN_NON_LITERAL_NULL_CONVERSION = YES;
				CLANG_WARN_OBJC_IMPLICIT_RETAIN_SELF = YES;
				CLANG_WARN_OBJC_LITERAL_CONVERSION = YES;
				CLANG_WARN_OBJC_ROOT_CLASS = YES_ERROR;
				CLANG_WARN_QUOTED_INCLUDE_IN_FRAMEWORK_HEADER = YES;
				CLANG_WARN_RANGE_LOOP_ANALYSIS = YES;
				CLANG_WARN_STRICT_PROTOTYPES = YES;
				CLANG_WARN_SUSPICIOUS_MOVE = YES;
				CLANG_WARN_UNGUARDED_AVAILABILITY = YES_AGGRESSIVE;
				CLANG_WARN_UNREACHABLE_CODE = YES;
				CLANG_WARN__DUPLICATE_METHOD_MATCH = YES;
				COPY_PHASE_STRIP = NO;
				DEBUG_INFORMATION_FORMAT = dwarf;
				ENABLE_STRICT_OBJC_MSGSEND = YES;
				ENABLE_TESTABILITY = YES;
				ENABLE_USER_SCRIPT_SANDBOXING = YES;
				GCC_C_LANGUAGE_STANDARD = gnu17;
				GCC_DYNAMIC_NO_PIC = NO;
				GCC_NO_COMMON_BLOCKS = YES;
				GCC_OPTIMIZATION_LEVEL = 0;
				GCC_PREPROCESSOR_DEFINITIONS = (
					"DEBUG=1",
					"$(inherited)",
				);
				GCC_WARN_64_TO_32_BIT_CONVERSION = YES;
				GCC_WARN_ABOUT_RETURN_TYPE = YES_ERROR;
				GCC_WARN_UNDECLARED_SELECTOR = YES;
				GCC_WARN_UNINITIALIZED_AUTOS = YES_AGGRESSIVE;
				GCC_WARN_UNUSED_FUNCTION = YES;
				GCC_WARN_UNUSED_VARIABLE = YES;
				LOCALIZATION_PREFERS_STRING_CATALOGS = YES;
				MTL_ENABLE_DEBUG_INFO = INCLUDE_SOURCE;
				MTL_FAST_MATH = YES;
				ONLY_ACTIVE_ARCH = YES;
				SWIFT_ACTIVE_COMPILATION_CONDITIONS = "DEBUG $(inherited)";
				SWIFT_OPTIMIZATION_LEVEL = "-Onone";
			};
			name = Debug;
		};
		8429BA4A2C8C80D90021AB22 /* Release */ = {
			isa = XCBuildConfiguration;
			baseConfigurationReference = 8429BA4E2C8C80F00021AB22 /* Config.xcconfig */;
			buildSettings = {
				ALWAYS_SEARCH_USER_PATHS = NO;
				ASSETCATALOG_COMPILER_GENERATE_SWIFT_ASSET_SYMBOL_EXTENSIONS = YES;
				CLANG_ANALYZER_NONNULL = YES;
				CLANG_ANALYZER_NUMBER_OBJECT_CONVERSION = YES_AGGRESSIVE;
				CLANG_CXX_LANGUAGE_STANDARD = "gnu++20";
				CLANG_ENABLE_MODULES = YES;
				CLANG_ENABLE_OBJC_ARC = YES;
				CLANG_ENABLE_OBJC_WEAK = YES;
				CLANG_WARN_BLOCK_CAPTURE_AUTORELEASING = YES;
				CLANG_WARN_BOOL_CONVERSION = YES;
				CLANG_WARN_COMMA = YES;
				CLANG_WARN_CONSTANT_CONVERSION = YES;
				CLANG_WARN_DEPRECATED_OBJC_IMPLEMENTATIONS = YES;
				CLANG_WARN_DIRECT_OBJC_ISA_USAGE = YES_ERROR;
				CLANG_WARN_DOCUMENTATION_COMMENTS = YES;
				CLANG_WARN_EMPTY_BODY = YES;
				CLANG_WARN_ENUM_CONVERSION = YES;
				CLANG_WARN_INFINITE_RECURSION = YES;
				CLANG_WARN_INT_CONVERSION = YES;
				CLANG_WARN_NON_LITERAL_NULL_CONVERSION = YES;
				CLANG_WARN_OBJC_IMPLICIT_RETAIN_SELF = YES;
				CLANG_WARN_OBJC_LITERAL_CONVERSION = YES;
				CLANG_WARN_OBJC_ROOT_CLASS = YES_ERROR;
				CLANG_WARN_QUOTED_INCLUDE_IN_FRAMEWORK_HEADER = YES;
				CLANG_WARN_RANGE_LOOP_ANALYSIS = YES;
				CLANG_WARN_STRICT_PROTOTYPES = YES;
				CLANG_WARN_SUSPICIOUS_MOVE = YES;
				CLANG_WARN_UNGUARDED_AVAILABILITY = YES_AGGRESSIVE;
				CLANG_WARN_UNREACHABLE_CODE = YES;
				CLANG_WARN__DUPLICATE_METHOD_MATCH = YES;
				COPY_PHASE_STRIP = NO;
				DEBUG_INFORMATION_FORMAT = "dwarf-with-dsym";
				ENABLE_NS_ASSERTIONS = NO;
				ENABLE_STRICT_OBJC_MSGSEND = YES;
				ENABLE_USER_SCRIPT_SANDBOXING = YES;
				GCC_C_LANGUAGE_STANDARD = gnu17;
				GCC_NO_COMMON_BLOCKS = YES;
				GCC_WARN_64_TO_32_BIT_CONVERSION = YES;
				GCC_WARN_ABOUT_RETURN_TYPE = YES_ERROR;
				GCC_WARN_UNDECLARED_SELECTOR = YES;
				GCC_WARN_UNINITIALIZED_AUTOS = YES_AGGRESSIVE;
				GCC_WARN_UNUSED_FUNCTION = YES;
				GCC_WARN_UNUSED_VARIABLE = YES;
				LOCALIZATION_PREFERS_STRING_CATALOGS = YES;
				MTL_ENABLE_DEBUG_INFO = NO;
				MTL_FAST_MATH = YES;
				SWIFT_COMPILATION_MODE = wholemodule;
			};
			name = Release;
		};
		8429BA4C2C8C80D90021AB22 /* Debug */ = {
			isa = XCBuildConfiguration;
			buildSettings = {
				ASSETCATALOG_COMPILER_APPICON_NAME = AppIcon;
				ASSETCATALOG_COMPILER_GLOBAL_ACCENT_COLOR_NAME = AccentColor;
				CODE_SIGN_ENTITLEMENTS = GameNews/GameNews.entitlements;
				CODE_SIGN_STYLE = Automatic;
				CURRENT_PROJECT_VERSION = 1;
				DEVELOPMENT_ASSET_PATHS = "\"GameNews/Preview Content\"";
				DEVELOPMENT_TEAM = G3CQ4T9TU2;
				ENABLE_HARDENED_RUNTIME = YES;
				ENABLE_PREVIEWS = YES;
				GENERATE_INFOPLIST_FILE = YES;
				INFOPLIST_FILE = GameNews/Info.plist;
				"INFOPLIST_KEY_UIApplicationSceneManifest_Generation[sdk=iphoneos*]" = YES;
				"INFOPLIST_KEY_UIApplicationSceneManifest_Generation[sdk=iphonesimulator*]" = YES;
				"INFOPLIST_KEY_UIApplicationSupportsIndirectInputEvents[sdk=iphoneos*]" = YES;
				"INFOPLIST_KEY_UIApplicationSupportsIndirectInputEvents[sdk=iphonesimulator*]" = YES;
				"INFOPLIST_KEY_UILaunchScreen_Generation[sdk=iphoneos*]" = YES;
				"INFOPLIST_KEY_UILaunchScreen_Generation[sdk=iphonesimulator*]" = YES;
				"INFOPLIST_KEY_UIStatusBarStyle[sdk=iphoneos*]" = UIStatusBarStyleDefault;
				"INFOPLIST_KEY_UIStatusBarStyle[sdk=iphonesimulator*]" = UIStatusBarStyleDefault;
				INFOPLIST_KEY_UISupportedInterfaceOrientations_iPad = "UIInterfaceOrientationPortrait UIInterfaceOrientationPortraitUpsideDown UIInterfaceOrientationLandscapeLeft UIInterfaceOrientationLandscapeRight";
				INFOPLIST_KEY_UISupportedInterfaceOrientations_iPhone = "UIInterfaceOrientationPortrait UIInterfaceOrientationLandscapeLeft UIInterfaceOrientationLandscapeRight";
				IPHONEOS_DEPLOYMENT_TARGET = 17.5;
				LD_RUNPATH_SEARCH_PATHS = "@executable_path/Frameworks";
				"LD_RUNPATH_SEARCH_PATHS[sdk=macosx*]" = "@executable_path/../Frameworks";
				MACOSX_DEPLOYMENT_TARGET = 14.5;
				MARKETING_VERSION = 1.0;
				PRODUCT_BUNDLE_IDENTIFIER = alperensarisan.GameNews;
				PRODUCT_NAME = "$(TARGET_NAME)";
				SDKROOT = auto;
				SUPPORTED_PLATFORMS = "iphoneos iphonesimulator macosx";
				SWIFT_EMIT_LOC_STRINGS = YES;
				SWIFT_VERSION = 5.0;
				TARGETED_DEVICE_FAMILY = "1,2";
			};
			name = Debug;
		};
		8429BA4D2C8C80D90021AB22 /* Release */ = {
			isa = XCBuildConfiguration;
			buildSettings = {
				ASSETCATALOG_COMPILER_APPICON_NAME = AppIcon;
				ASSETCATALOG_COMPILER_GLOBAL_ACCENT_COLOR_NAME = AccentColor;
				CODE_SIGN_ENTITLEMENTS = GameNews/GameNews.entitlements;
				CODE_SIGN_STYLE = Automatic;
				CURRENT_PROJECT_VERSION = 1;
				DEVELOPMENT_ASSET_PATHS = "\"GameNews/Preview Content\"";
				DEVELOPMENT_TEAM = G3CQ4T9TU2;
				ENABLE_HARDENED_RUNTIME = YES;
				ENABLE_PREVIEWS = YES;
				GENERATE_INFOPLIST_FILE = YES;
				INFOPLIST_FILE = GameNews/Info.plist;
				"INFOPLIST_KEY_UIApplicationSceneManifest_Generation[sdk=iphoneos*]" = YES;
				"INFOPLIST_KEY_UIApplicationSceneManifest_Generation[sdk=iphonesimulator*]" = YES;
				"INFOPLIST_KEY_UIApplicationSupportsIndirectInputEvents[sdk=iphoneos*]" = YES;
				"INFOPLIST_KEY_UIApplicationSupportsIndirectInputEvents[sdk=iphonesimulator*]" = YES;
				"INFOPLIST_KEY_UILaunchScreen_Generation[sdk=iphoneos*]" = YES;
				"INFOPLIST_KEY_UILaunchScreen_Generation[sdk=iphonesimulator*]" = YES;
				"INFOPLIST_KEY_UIStatusBarStyle[sdk=iphoneos*]" = UIStatusBarStyleDefault;
				"INFOPLIST_KEY_UIStatusBarStyle[sdk=iphonesimulator*]" = UIStatusBarStyleDefault;
				INFOPLIST_KEY_UISupportedInterfaceOrientations_iPad = "UIInterfaceOrientationPortrait UIInterfaceOrientationPortraitUpsideDown UIInterfaceOrientationLandscapeLeft UIInterfaceOrientationLandscapeRight";
				INFOPLIST_KEY_UISupportedInterfaceOrientations_iPhone = "UIInterfaceOrientationPortrait UIInterfaceOrientationLandscapeLeft UIInterfaceOrientationLandscapeRight";
				IPHONEOS_DEPLOYMENT_TARGET = 17.5;
				LD_RUNPATH_SEARCH_PATHS = "@executable_path/Frameworks";
				"LD_RUNPATH_SEARCH_PATHS[sdk=macosx*]" = "@executable_path/../Frameworks";
				MACOSX_DEPLOYMENT_TARGET = 14.5;
				MARKETING_VERSION = 1.0;
				PRODUCT_BUNDLE_IDENTIFIER = alperensarisan.GameNews;
				PRODUCT_NAME = "$(TARGET_NAME)";
				SDKROOT = auto;
				SUPPORTED_PLATFORMS = "iphoneos iphonesimulator macosx";
				SWIFT_EMIT_LOC_STRINGS = YES;
				SWIFT_VERSION = 5.0;
				TARGETED_DEVICE_FAMILY = "1,2";
			};
			name = Release;
		};
/* End XCBuildConfiguration section */

/* Begin XCConfigurationList section */
		8429BA372C8C80D70021AB22 /* Build configuration list for PBXProject "GameNews" */ = {
			isa = XCConfigurationList;
			buildConfigurations = (
				8429BA492C8C80D90021AB22 /* Debug */,
				8429BA4A2C8C80D90021AB22 /* Release */,
			);
			defaultConfigurationIsVisible = 0;
			defaultConfigurationName = Release;
		};
		8429BA4B2C8C80D90021AB22 /* Build configuration list for PBXNativeTarget "GameNews" */ = {
			isa = XCConfigurationList;
			buildConfigurations = (
				8429BA4C2C8C80D90021AB22 /* Debug */,
				8429BA4D2C8C80D90021AB22 /* Release */,
			);
			defaultConfigurationIsVisible = 0;
			defaultConfigurationName = Release;
		};
/* End XCConfigurationList section */

/* Begin XCRemoteSwiftPackageReference section */
		84E264882C8CEF030056D5A2 /* XCRemoteSwiftPackageReference "swiftui-cached-async-image" */ = {
			isa = XCRemoteSwiftPackageReference;
			repositoryURL = "https://github.com/lorenzofiamingo/swiftui-cached-async-image.git";
			requirement = {
				kind = upToNextMajorVersion;
				minimumVersion = 2.1.1;
			};
		};
/* End XCRemoteSwiftPackageReference section */

/* Begin XCSwiftPackageProductDependency section */
		84E264892C8CEF030056D5A2 /* CachedAsyncImage */ = {
			isa = XCSwiftPackageProductDependency;
			package = 84E264882C8CEF030056D5A2 /* XCRemoteSwiftPackageReference "swiftui-cached-async-image" */;
			productName = CachedAsyncImage;
		};
/* End XCSwiftPackageProductDependency section */
	};
	rootObject = 8429BA342C8C80D70021AB22 /* Project object */;
}
